Microsoft Visual Studio Solution File, Format Version 12.00
# Visual Studio 2012
Project("{FAE04EC0-301F-11D3-BF4B-00C04F79EFBC}") = "GDC_Winter", "GDC_Winter.csproj", "{B580F5B4-B9C9-4D04-970E-5D14D14ACF50}"
EndProject
Global
	GlobalSection(SolutionConfigurationPlatforms) = preSolution
	Debug|Any CPU = Debug|Any CPU
	ExportDebug|Any CPU = ExportDebug|Any CPU
	ExportRelease|Any CPU = ExportRelease|Any CPU
	EndGlobalSection
	GlobalSection(ProjectConfigurationPlatforms) = postSolution
		{B580F5B4-B9C9-4D04-970E-5D14D14ACF50}.Debug|Any CPU.ActiveCfg = Debug|Any CPU
		{B580F5B4-B9C9-4D04-970E-5D14D14ACF50}.Debug|Any CPU.Build.0 = Debug|Any CPU
		{B580F5B4-B9C9-4D04-970E-5D14D14ACF50}.ExportDebug|Any CPU.ActiveCfg = ExportDebug|Any CPU
		{B580F5B4-B9C9-4D04-970E-5D14D14ACF50}.ExportDebug|Any CPU.Build.0 = ExportDebug|Any CPU
		{B580F5B4-B9C9-4D04-970E-5D14D14ACF50}.ExportRelease|Any CPU.ActiveCfg = ExportRelease|Any CPU
		{B580F5B4-B9C9-4D04-970E-5D14D14ACF50}.ExportRelease|Any CPU.Build.0 = ExportRelease|Any CPU
	EndGlobalSection
EndGlobal
