Microsoft Visual Studio Solution File, Format Version 12.00
# Visual Studio 2012
Project("{FAE04EC0-301F-11D3-BF4B-00C04F79EFBC}") = "GdcValentine26", "GdcValentine26.csproj", "{340F851B-DEFD-494E-90E9-28787564D29C}"
EndProject
Global
	GlobalSection(SolutionConfigurationPlatforms) = preSolution
	Debug|Any CPU = Debug|Any CPU
	ExportDebug|Any CPU = ExportDebug|Any CPU
	ExportRelease|Any CPU = ExportRelease|Any CPU
	EndGlobalSection
	GlobalSection(ProjectConfigurationPlatforms) = postSolution
		{340F851B-DEFD-494E-90E9-28787564D29C}.Debug|Any CPU.ActiveCfg = Debug|Any CPU
		{340F851B-DEFD-494E-90E9-28787564D29C}.Debug|Any CPU.Build.0 = Debug|Any CPU
		{340F851B-DEFD-494E-90E9-28787564D29C}.ExportDebug|Any CPU.ActiveCfg = ExportDebug|Any CPU
		{340F851B-DEFD-494E-90E9-28787564D29C}.ExportDebug|Any CPU.Build.0 = ExportDebug|Any CPU
		{340F851B-DEFD-494E-90E9-28787564D29C}.ExportRelease|Any CPU.ActiveCfg = ExportRelease|Any CPU
		{340F851B-DEFD-494E-90E9-28787564D29C}.ExportRelease|Any CPU.Build.0 = ExportRelease|Any CPU
	EndGlobalSection
EndGlobal
